
Microsoft Visual Studio Solution File, Format Version 12.00
# Visual Studio 15
VisualStudioVersion = 15.0.28307.1705
MinimumVisualStudioVersion = 10.0.40219.1
Project("{FAE04EC0-301F-11D3-BF4B-00C04F79EFBC}") = "HMM", "HMM.csproj", "{B7457A61-01C9-4642-A812-96620DAFD325}"
EndProject
Global
	GlobalSection(SolutionConfigurationPlatforms) = preSolution
		Debug|Any CPU = Debug|Any CPU
		Release|Any CPU = Release|Any CPU
	EndGlobalSection
	GlobalSection(ProjectConfigurationPlatforms) = postSolution
		{B7457A61-01C9-4642-A812-96620DAFD325}.Debug|Any CPU.ActiveCfg = Debug|Any CPU
		{B7457A61-01C9-4642-A812-96620DAFD325}.Debug|Any CPU.Build.0 = Debug|Any CPU
		{B7457A61-01C9-4642-A812-96620DAFD325}.Release|Any CPU.ActiveCfg = Release|Any CPU
		{B7457A61-01C9-4642-A812-96620DAFD325}.Release|Any CPU.Build.0 = Release|Any CPU
	EndGlobalSection
	GlobalSection(SolutionProperties) = preSolution
		HideSolutionNode = FALSE
	EndGlobalSection
	GlobalSection(ExtensibilityGlobals) = postSolution
		SolutionGuid = {79E330AE-A9C9-4DA8-B7E3-08B3D72FEDD3}
	EndGlobalSection
EndGlobal
